
Microsoft Visual Studio Solution File, Format Version 12.00
# Visual Studio Version 16
VisualStudioVersion = 16.0.32002.261
MinimumVisualStudioVersion = 10.0.40219.1
Project("{FAE04EC0-301F-11D3-BF4B-00C04F79EFBC}") = "Assignment.cs", "Assignment.cs\Assignment.cs.csproj", "{341DF819-DADF-49CC-86CC-E2678C7D0955}"
EndProject
Global
	GlobalSection(SolutionConfigurationPlatforms) = preSolution
		Debug|Any CPU = Debug|Any CPU
		Release|Any CPU = Release|Any CPU
	EndGlobalSection
	GlobalSection(ProjectConfigurationPlatforms) = postSolution
		{341DF819-DADF-49CC-86CC-E2678C7D0955}.Debug|Any CPU.ActiveCfg = Debug|Any CPU
		{341DF819-DADF-49CC-86CC-E2678C7D0955}.Debug|Any CPU.Build.0 = Debug|Any CPU
		{341DF819-DADF-49CC-86CC-E2678C7D0955}.Release|Any CPU.ActiveCfg = Release|Any CPU
		{341DF819-DADF-49CC-86CC-E2678C7D0955}.Release|Any CPU.Build.0 = Release|Any CPU
	EndGlobalSection
	GlobalSection(SolutionProperties) = preSolution
		HideSolutionNode = FALSE
	EndGlobalSection
	GlobalSection(ExtensibilityGlobals) = postSolution
		SolutionGuid = {AEC43A74-0B5A-40CB-AF58-F4374481C7E6}
	EndGlobalSection
EndGlobal
